
Microsoft Visual Studio Solution File, Format Version 12.00
# Visual Studio Version 17
VisualStudioVersion = 17.7.34221.43
MinimumVisualStudioVersion = 10.0.40219.1
Project("{FAE04EC0-301F-11D3-BF4B-00C04F79EFBC}") = "MVCApp", "MVCApp\MVCApp.csproj", "{7F490F83-C010-4B23-BBD5-8C39EB594104}"
EndProject
Global
	GlobalSection(SolutionConfigurationPlatforms) = preSolution
		Debug|Any CPU = Debug|Any CPU
		Release|Any CPU = Release|Any CPU
	EndGlobalSection
	GlobalSection(ProjectConfigurationPlatforms) = postSolution
		{7F490F83-C010-4B23-BBD5-8C39EB594104}.Debug|Any CPU.ActiveCfg = Debug|Any CPU
		{7F490F83-C010-4B23-BBD5-8C39EB594104}.Debug|Any CPU.Build.0 = Debug|Any CPU
		{7F490F83-C010-4B23-BBD5-8C39EB594104}.Release|Any CPU.ActiveCfg = Release|Any CPU
		{7F490F83-C010-4B23-BBD5-8C39EB594104}.Release|Any CPU.Build.0 = Release|Any CPU
	EndGlobalSection
	GlobalSection(SolutionProperties) = preSolution
		HideSolutionNode = FALSE
	EndGlobalSection
	GlobalSection(ExtensibilityGlobals) = postSolution
		SolutionGuid = {285C73A5-B7C9-40E8-8616-233BB94163AA}
	EndGlobalSection
EndGlobal
